
Microsoft Visual Studio Solution File, Format Version 12.00
# Visual Studio Version 17
VisualStudioVersion = 17.1.32328.378
MinimumVisualStudioVersion = 10.0.40219.1
Project("{8BC9CEB8-8B4A-11D0-8D11-00A0C91BC942}") = "Week7_Homework2", "Week7_Homework2\Week7_Homework2.vcxproj", "{BAE0008C-55B2-47EE-A2F5-825B167DFC3B}"
EndProject
Global
	GlobalSection(SolutionConfigurationPlatforms) = preSolution
		Debug|x64 = Debug|x64
		Debug|x86 = Debug|x86
		Release|x64 = Release|x64
		Release|x86 = Release|x86
	EndGlobalSection
	GlobalSection(ProjectConfigurationPlatforms) = postSolution
		{BAE0008C-55B2-47EE-A2F5-825B167DFC3B}.Debug|x64.ActiveCfg = Debug|x64
		{BAE0008C-55B2-47EE-A2F5-825B167DFC3B}.Debug|x64.Build.0 = Debug|x64
		{BAE0008C-55B2-47EE-A2F5-825B167DFC3B}.Debug|x86.ActiveCfg = Debug|Win32
		{BAE0008C-55B2-47EE-A2F5-825B167DFC3B}.Debug|x86.Build.0 = Debug|Win32
		{BAE0008C-55B2-47EE-A2F5-825B167DFC3B}.Release|x64.ActiveCfg = Release|x64
		{BAE0008C-55B2-47EE-A2F5-825B167DFC3B}.Release|x64.Build.0 = Release|x64
		{BAE0008C-55B2-47EE-A2F5-825B167DFC3B}.Release|x86.ActiveCfg = Release|Win32
		{BAE0008C-55B2-47EE-A2F5-825B167DFC3B}.Release|x86.Build.0 = Release|Win32
	EndGlobalSection
	GlobalSection(SolutionProperties) = preSolution
		HideSolutionNode = FALSE
	EndGlobalSection
	GlobalSection(ExtensibilityGlobals) = postSolution
		SolutionGuid = {8FA04C4F-455E-43D1-B6B6-923B0485B734}
	EndGlobalSection
EndGlobal
