
Microsoft Visual Studio Solution File, Format Version 12.00
# Visual Studio Version 17
VisualStudioVersion = 17.1.32328.378
MinimumVisualStudioVersion = 10.0.40219.1
Project("{8BC9CEB8-8B4A-11D0-8D11-00A0C91BC942}") = "Project3", "Project3\Project3.vcxproj", "{3648540F-FF88-4FCF-A789-1D3AD1AE2F75}"
EndProject
Global
	GlobalSection(SolutionConfigurationPlatforms) = preSolution
		Debug|x64 = Debug|x64
		Debug|x86 = Debug|x86
		Release|x64 = Release|x64
		Release|x86 = Release|x86
	EndGlobalSection
	GlobalSection(ProjectConfigurationPlatforms) = postSolution
		{3648540F-FF88-4FCF-A789-1D3AD1AE2F75}.Debug|x64.ActiveCfg = Debug|x64
		{3648540F-FF88-4FCF-A789-1D3AD1AE2F75}.Debug|x64.Build.0 = Debug|x64
		{3648540F-FF88-4FCF-A789-1D3AD1AE2F75}.Debug|x86.ActiveCfg = Debug|Win32
		{3648540F-FF88-4FCF-A789-1D3AD1AE2F75}.Debug|x86.Build.0 = Debug|Win32
		{3648540F-FF88-4FCF-A789-1D3AD1AE2F75}.Release|x64.ActiveCfg = Release|x64
		{3648540F-FF88-4FCF-A789-1D3AD1AE2F75}.Release|x64.Build.0 = Release|x64
		{3648540F-FF88-4FCF-A789-1D3AD1AE2F75}.Release|x86.ActiveCfg = Release|Win32
		{3648540F-FF88-4FCF-A789-1D3AD1AE2F75}.Release|x86.Build.0 = Release|Win32
	EndGlobalSection
	GlobalSection(SolutionProperties) = preSolution
		HideSolutionNode = FALSE
	EndGlobalSection
	GlobalSection(ExtensibilityGlobals) = postSolution
		SolutionGuid = {391A9C6F-9873-4B7F-8F24-E5B84033DA99}
	EndGlobalSection
EndGlobal
